<?xml version="1.0" encoding="utf-8"?>
<Project ToolsVersion="4.0" xmlns="http://schemas.microsoft.com/developer/msbuild/2003">
  <ItemGroup>
    <Filter Include="src">
      <UniqueIdentifier>{b3c1660b-8bd5-4ff8-b029-483e7a6932ee}</UniqueIdentifier>
    </Filter>
    <Filter Include="libs">
      <UniqueIdentifier>{0be3e622-28e0-4d00-8972-ef7e84489256}</UniqueIdentifier>
    </Filter>
    <Filter Include="src\Events">
      <UniqueIdentifier>{caf6a8d3-5f85-4e51-a8c8-9d18e963dbd1}</UniqueIdentifier>
    </Filter>
    <Filter Include="src\Helpers">
      <UniqueIdentifier>{684350b0-c698-4ea0-b5c4-bf783c784f35}</UniqueIdentifier>
    </Filter>
    <Filter Include="src\Math">
      <UniqueIdentifier>{36a6cb45-162e-4552-9c22-de7c393ddf82}</UniqueIdentifier>
    </Filter>
    <Filter Include="src\Random">
      <UniqueIdentifier>{25612930-38e6-4d38-a276-21771f62c053}</UniqueIdentifier>
    </Filter>
    <Filter Include="src\Strings">
      <UniqueIdentifier>{36d4b161-ee77-4b4b-9260-89a943be4c5e}</UniqueIdentifier>
    </Filter>
    <Filter Include="src\Timer">
      <UniqueIdentifier>{d5b5d551-3e88-466e-9599-76a6c43f51ba}</UniqueIdentifier>
    </Filter>
    <Filter Include="src\Contracts">
      <UniqueIdentifier>{10ce0c4b-7de4-4835-9d27-14f951c403b9}</UniqueIdentifier>
    </Filter>
    <Filter Include="src\WindowsApi">
      <UniqueIdentifier>{8b6ce2bc-0205-4c7a-bed2-72923e627292}</UniqueIdentifier>
    </Filter>
    <Filter Include="src\WindowsApi\Messages">
      <UniqueIdentifier>{b625c582-92ea-4b3b-bbec-b6ce42649a03}</UniqueIdentifier>
    </Filter>
    <Filter Include="src\WindowsApi\Window">
      <UniqueIdentifier>{0bd526a7-f03b-43aa-a3e2-bc14d4702139}</UniqueIdentifier>
    </Filter>
    <Filter Include="libs\dirent">
      <UniqueIdentifier>{45259b94-c12c-45bb-ac2a-e4453841d312}</UniqueIdentifier>
    </Filter>
    <Filter Include="libs\jsoncpp">
      <UniqueIdentifier>{39a471d2-e579-4370-a824-a21021723e8a}</UniqueIdentifier>
    </Filter>
    <Filter Include="src\Streams">
      <UniqueIdentifier>{315c4be5-1cda-4220-9247-28b594da02ec}</UniqueIdentifier>
    </Filter>
    <Filter Include="src\Locks">
      <UniqueIdentifier>{bfe5309c-d4b7-42b0-a8cf-e812cdc645fc}</UniqueIdentifier>
    </Filter>
    <Filter Include="src\WindowsApi\Cursor">
      <UniqueIdentifier>{70d15602-cb25-4218-9c70-fa8360cdd2d5}</UniqueIdentifier>
    </Filter>
  </ItemGroup>
  <ItemGroup>
    <ClInclude Include="EventHandler.h">
      <Filter>src\Events</Filter>
    </ClInclude>
    <ClInclude Include="IEvent.h">
      <Filter>src\Events</Filter>
    </ClInclude>
    <ClInclude Include="IModelName.h">
      <Filter>src\Helpers</Filter>
    </ClInclude>
    <ClInclude Include="IPosition3.h">
      <Filter>src\Helpers</Filter>
    </ClInclude>
    <ClInclude Include="IRotation3.h">
      <Filter>src\Helpers</Filter>
    </ClInclude>
    <ClInclude Include="IScale3.h">
      <Filter>src\Helpers</Filter>
    </ClInclude>
    <ClInclude Include="ISpeed3.h">
      <Filter>src\Helpers</Filter>
    </ClInclude>
    <ClInclude Include="Common.h">
      <Filter>src</Filter>
    </ClInclude>
    <ClInclude Include="Circle.h">
      <Filter>src\Math</Filter>
    </ClInclude>
    <ClInclude Include="ITextureName.h">
      <Filter>src\Helpers</Filter>
    </ClInclude>
    <ClInclude Include="IUniqueId.h">
      <Filter>src\Helpers</Filter>
    </ClInclude>
    <ClInclude Include="IVisibility.h">
      <Filter>src\Helpers</Filter>
    </ClInclude>
    <ClInclude Include="Math.h">
      <Filter>src\Math</Filter>
    </ClInclude>
    <ClInclude Include="Random.h">
      <Filter>src\Random</Filter>
    </ClInclude>
    <ClInclude Include="SdkFwd.h">
      <Filter>src</Filter>
    </ClInclude>
    <ClInclude Include="stdafx.h">
      <Filter>src</Filter>
    </ClInclude>
    <ClInclude Include="StringUtils.h">
      <Filter>src\Strings</Filter>
    </ClInclude>
    <ClInclude Include="Timer.h">
      <Filter>src\Timer</Filter>
    </ClInclude>
    <ClInclude Include="Property.h">
      <Filter>src\Helpers</Filter>
    </ClInclude>
    <ClInclude Include="Contracts.h">
      <Filter>src\Contracts</Filter>
    </ClInclude>
    <ClInclude Include="HandleMessages.h">
      <Filter>src\WindowsApi\Messages</Filter>
    </ClInclude>
    <ClInclude Include="Message.h">
      <Filter>src\WindowsApi\Messages</Filter>
    </ClInclude>
    <ClInclude Include="Window.h">
      <Filter>src\WindowsApi\Window</Filter>
    </ClInclude>
    <ClInclude Include="Vector.h">
      <Filter>src\Math</Filter>
    </ClInclude>
    <ClInclude Include="Rect.h">
      <Filter>src\Math</Filter>
    </ClInclude>
    <ClInclude Include="dirent.h">
      <Filter>libs\dirent</Filter>
    </ClInclude>
    <ClInclude Include="json.h">
      <Filter>libs\jsoncpp</Filter>
    </ClInclude>
    <ClInclude Include="json-forwards.h">
      <Filter>libs\jsoncpp</Filter>
    </ClInclude>
    <ClInclude Include="Streams.h">
      <Filter>src\Streams</Filter>
    </ClInclude>
    <ClInclude Include="ILockable.h">
      <Filter>src\Locks</Filter>
    </ClInclude>
    <ClInclude Include="Locker.h">
      <Filter>src\Locks</Filter>
    </ClInclude>
    <ClInclude Include="Size.h">
      <Filter>src\Math</Filter>
    </ClInclude>
    <ClInclude Include="Cursor.h">
      <Filter>src\WindowsApi\Cursor</Filter>
    </ClInclude>
    <ClInclude Include="ITaggable.h">
      <Filter>src\Helpers</Filter>
    </ClInclude>
    <ClInclude Include="UniformIntGenerator.h">
      <Filter>src\Random</Filter>
    </ClInclude>
  </ItemGroup>
  <ItemGroup>
    <ClCompile Include="EventHandler.cpp">
      <Filter>src\Events</Filter>
    </ClCompile>
    <ClCompile Include="Circle.cpp">
      <Filter>src\Math</Filter>
    </ClCompile>
    <ClCompile Include="IUniqueId.cpp">
      <Filter>src\Helpers</Filter>
    </ClCompile>
    <ClCompile Include="Random.cpp">
      <Filter>src\Random</Filter>
    </ClCompile>
    <ClCompile Include="stdafx.cpp">
      <Filter>src</Filter>
    </ClCompile>
    <ClCompile Include="HandleMessages.cpp">
      <Filter>src\WindowsApi\Messages</Filter>
    </ClCompile>
    <ClCompile Include="Window.cpp">
      <Filter>src\WindowsApi\Window</Filter>
    </ClCompile>
    <ClCompile Include="jsoncpp.cpp">
      <Filter>libs\jsoncpp</Filter>
    </ClCompile>
    <ClCompile Include="Locker.cpp">
      <Filter>src\Locks</Filter>
    </ClCompile>
    <ClCompile Include="Cursor.cpp">
      <Filter>src\WindowsApi\Cursor</Filter>
    </ClCompile>
  </ItemGroup>
</Project>